
Microsoft Visual Studio Solution File, Format Version 12.00
# Visual Studio 14
VisualStudioVersion = 14.0.23107.0
MinimumVisualStudioVersion = 10.0.40219.1
Project("{FAE04EC0-301F-11D3-BF4B-00C04F79EFBC}") = "LeetCode", "LeetCode\LeetCode.csproj", "{56C963CC-A259-4E01-9D22-A62CD7F266AF}"
EndProject
Project("{FAE04EC0-301F-11D3-BF4B-00C04F79EFBC}") = "LeetCode.Test", "LeetCode.Test\LeetCode.Test.csproj", "{870F1191-E767-4D6A-8DFF-C47432905E9A}"
EndProject
Global
	GlobalSection(SolutionConfigurationPlatforms) = preSolution
		Debug|Any CPU = Debug|Any CPU
		Release|Any CPU = Release|Any CPU
	EndGlobalSection
	GlobalSection(ProjectConfigurationPlatforms) = postSolution
		{56C963CC-A259-4E01-9D22-A62CD7F266AF}.Debug|Any CPU.ActiveCfg = Debug|Any CPU
		{56C963CC-A259-4E01-9D22-A62CD7F266AF}.Debug|Any CPU.Build.0 = Debug|Any CPU
		{56C963CC-A259-4E01-9D22-A62CD7F266AF}.Release|Any CPU.ActiveCfg = Release|Any CPU
		{56C963CC-A259-4E01-9D22-A62CD7F266AF}.Release|Any CPU.Build.0 = Release|Any CPU
		{870F1191-E767-4D6A-8DFF-C47432905E9A}.Debug|Any CPU.ActiveCfg = Debug|Any CPU
		{870F1191-E767-4D6A-8DFF-C47432905E9A}.Debug|Any CPU.Build.0 = Debug|Any CPU
		{870F1191-E767-4D6A-8DFF-C47432905E9A}.Release|Any CPU.ActiveCfg = Release|Any CPU
		{870F1191-E767-4D6A-8DFF-C47432905E9A}.Release|Any CPU.Build.0 = Release|Any CPU
	EndGlobalSection
	GlobalSection(SolutionProperties) = preSolution
		HideSolutionNode = FALSE
	EndGlobalSection
EndGlobal
